
Microsoft Visual Studio Solution File, Format Version 12.00
# Visual Studio Version 17
VisualStudioVersion = 17.8.34309.116
MinimumVisualStudioVersion = 10.0.40219.1
Project("{FAE04EC0-301F-11D3-BF4B-00C04F79EFBC}") = "AppVideoGrupo2", "AppVideoGrupo2\AppVideoGrupo2.csproj", "{00EF806A-B8B3-4203-8C82-1D84C39E2A0E}"
EndProject
Global
	GlobalSection(SolutionConfigurationPlatforms) = preSolution
		Debug|Any CPU = Debug|Any CPU
		Release|Any CPU = Release|Any CPU
	EndGlobalSection
	GlobalSection(ProjectConfigurationPlatforms) = postSolution
		{00EF806A-B8B3-4203-8C82-1D84C39E2A0E}.Debug|Any CPU.ActiveCfg = Debug|Any CPU
		{00EF806A-B8B3-4203-8C82-1D84C39E2A0E}.Debug|Any CPU.Build.0 = Debug|Any CPU
		{00EF806A-B8B3-4203-8C82-1D84C39E2A0E}.Debug|Any CPU.Deploy.0 = Debug|Any CPU
		{00EF806A-B8B3-4203-8C82-1D84C39E2A0E}.Release|Any CPU.ActiveCfg = Release|Any CPU
		{00EF806A-B8B3-4203-8C82-1D84C39E2A0E}.Release|Any CPU.Build.0 = Release|Any CPU
		{00EF806A-B8B3-4203-8C82-1D84C39E2A0E}.Release|Any CPU.Deploy.0 = Release|Any CPU
	EndGlobalSection
	GlobalSection(SolutionProperties) = preSolution
		HideSolutionNode = FALSE
	EndGlobalSection
	GlobalSection(ExtensibilityGlobals) = postSolution
		SolutionGuid = {4E80E0CD-9A7A-4BBE-B4EB-191392CAE1E6}
	EndGlobalSection
EndGlobal
